
Microsoft Visual Studio Solution File, Format Version 12.00
# Visual Studio Version 16
VisualStudioVersion = 16.0.29709.97
MinimumVisualStudioVersion = 10.0.40219.1
Project("{9A19103F-16F7-4668-BE54-9A1E7A4F7556}") = "Uncast.WebApi", "src\Uncast.WebApi\Uncast.WebApi.csproj", "{48872B63-511C-44EB-836D-96DFB9C82D91}"
EndProject
Project("{FAE04EC0-301F-11D3-BF4B-00C04F79EFBC}") = "Uncast.Data.Migrations", "src\Uncast.Data.Migrations\Uncast.Data.Migrations.csproj", "{34D8CDD7-4DA3-4B04-B530-2D0EBEE6ABE5}"
EndProject
Project("{FAE04EC0-301F-11D3-BF4B-00C04F79EFBC}") = "Uncast.Data.Services", "src\Uncast.Data.Services\Uncast.Data.Services.csproj", "{B8C83847-5E33-4765-B339-D53730FAD34F}"
EndProject
Project("{FAE04EC0-301F-11D3-BF4B-00C04F79EFBC}") = "Uncast.Data.Entities", "src\Uncast.Data.Entities\Uncast.Data.Entities.csproj", "{B83A60AC-C2D0-4B4B-9579-35BDF2DCFD63}"
EndProject
Project("{FAE04EC0-301F-11D3-BF4B-00C04F79EFBC}") = "Uncast.Utils", "src\Uncast.Utils\Uncast.Utils.csproj", "{B7070949-EB67-4C80-8A8A-F3ED017E9E0B}"
EndProject
Global
	GlobalSection(SolutionConfigurationPlatforms) = preSolution
		Debug|Any CPU = Debug|Any CPU
		Release|Any CPU = Release|Any CPU
	EndGlobalSection
	GlobalSection(ProjectConfigurationPlatforms) = postSolution
		{48872B63-511C-44EB-836D-96DFB9C82D91}.Debug|Any CPU.ActiveCfg = Debug|Any CPU
		{48872B63-511C-44EB-836D-96DFB9C82D91}.Debug|Any CPU.Build.0 = Debug|Any CPU
		{48872B63-511C-44EB-836D-96DFB9C82D91}.Release|Any CPU.ActiveCfg = Release|Any CPU
		{48872B63-511C-44EB-836D-96DFB9C82D91}.Release|Any CPU.Build.0 = Release|Any CPU
		{34D8CDD7-4DA3-4B04-B530-2D0EBEE6ABE5}.Debug|Any CPU.ActiveCfg = Debug|Any CPU
		{34D8CDD7-4DA3-4B04-B530-2D0EBEE6ABE5}.Debug|Any CPU.Build.0 = Debug|Any CPU
		{34D8CDD7-4DA3-4B04-B530-2D0EBEE6ABE5}.Release|Any CPU.ActiveCfg = Release|Any CPU
		{34D8CDD7-4DA3-4B04-B530-2D0EBEE6ABE5}.Release|Any CPU.Build.0 = Release|Any CPU
		{B8C83847-5E33-4765-B339-D53730FAD34F}.Debug|Any CPU.ActiveCfg = Debug|Any CPU
		{B8C83847-5E33-4765-B339-D53730FAD34F}.Debug|Any CPU.Build.0 = Debug|Any CPU
		{B8C83847-5E33-4765-B339-D53730FAD34F}.Release|Any CPU.ActiveCfg = Release|Any CPU
		{B8C83847-5E33-4765-B339-D53730FAD34F}.Release|Any CPU.Build.0 = Release|Any CPU
		{B83A60AC-C2D0-4B4B-9579-35BDF2DCFD63}.Debug|Any CPU.ActiveCfg = Debug|Any CPU
		{B83A60AC-C2D0-4B4B-9579-35BDF2DCFD63}.Debug|Any CPU.Build.0 = Debug|Any CPU
		{B83A60AC-C2D0-4B4B-9579-35BDF2DCFD63}.Release|Any CPU.ActiveCfg = Release|Any CPU
		{B83A60AC-C2D0-4B4B-9579-35BDF2DCFD63}.Release|Any CPU.Build.0 = Release|Any CPU
		{B7070949-EB67-4C80-8A8A-F3ED017E9E0B}.Debug|Any CPU.ActiveCfg = Debug|Any CPU
		{B7070949-EB67-4C80-8A8A-F3ED017E9E0B}.Debug|Any CPU.Build.0 = Debug|Any CPU
		{B7070949-EB67-4C80-8A8A-F3ED017E9E0B}.Release|Any CPU.ActiveCfg = Release|Any CPU
		{B7070949-EB67-4C80-8A8A-F3ED017E9E0B}.Release|Any CPU.Build.0 = Release|Any CPU
	EndGlobalSection
	GlobalSection(SolutionProperties) = preSolution
		HideSolutionNode = FALSE
	EndGlobalSection
	GlobalSection(ExtensibilityGlobals) = postSolution
		SolutionGuid = {5388DB37-8727-4E06-B86B-E2585C0C5ABE}
	EndGlobalSection
EndGlobal
